// !$*UTF8*$!
{
	archiveVersion = 1;
	classes = {
	};
	objectVersion = 46;
	objects = {

/* Begin PBXBuildFile section */
		743117302265147600D6AED1 /* main.m in Sources */ = {isa = PBXBuildFile; fileRef = 7431172F2265147600D6AED1 /* main.m */; };
		743117332265147600D6AED1 /* AppDelegate.m in Sources */ = {isa = PBXBuildFile; fileRef = 743117322265147600D6AED1 /* AppDelegate.m */; };
		743117362265147600D6AED1 /* RootViewController.m in Sources */ = {isa = PBXBuildFile; fileRef = 743117352265147600D6AED1 /* RootViewController.m */; };
		743117392265147600D6AED1 /* DataViewController.m in Sources */ = {isa = PBXBuildFile; fileRef = 743117382265147600D6AED1 /* DataViewController.m */; };
		7431173C2265147600D6AED1 /* ModelController.m in Sources */ = {isa = PBXBuildFile; fileRef = 7431173B2265147600D6AED1 /* ModelController.m */; };
		7431173F2265147600D6AED1 /* Main.storyboard in Resources */ = {isa = PBXBuildFile; fileRef = 7431173D2265147600D6AED1 /* Main.storyboard */; };
		743117412265147600D6AED1 /* Assets.xcassets in Resources */ = {isa = PBXBuildFile; fileRef = 743117402265147600D6AED1 /* Assets.xcassets */; };
		743117442265147600D6AED1 /* LaunchScreen.storyboard in Resources */ = {isa = PBXBuildFile; fileRef = 743117422265147600D6AED1 /* LaunchScreen.storyboard */; };
		7431174F2265147600D6AED1 /* cs441_Project6Tests.m in Sources */ = {isa = PBXBuildFile; fileRef = 7431174E2265147600D6AED1 /* cs441_Project6Tests.m */; };
		7431175A2265147600D6AED1 /* cs441_Project6UITests.m in Sources */ = {isa = PBXBuildFile; fileRef = 743117592265147600D6AED1 /* cs441_Project6UITests.m */; };
/* End PBXBuildFile section */

/* Begin PBXContainerItemProxy section */
		7431174B2265147600D6AED1 /* PBXContainerItemProxy */ = {
			isa = PBXContainerItemProxy;
			containerPortal = 743117232265147400D6AED1 /* Project object */;
			proxyType = 1;
			remoteGlobalIDString = 7431172A2265147400D6AED1;
			remoteInfo = "cs441-Project6";
		};
		743117562265147600D6AED1 /* PBXContainerItemProxy */ = {
			isa = PBXContainerItemProxy;
			containerPortal = 743117232265147400D6AED1 /* Project object */;
			proxyType = 1;
			remoteGlobalIDString = 7431172A2265147400D6AED1;
			remoteInfo = "cs441-Project6";
		};
/* End PBXContainerItemProxy section */

/* Begin PBXFileReference section */
		7431172B2265147600D6AED1 /* cs441-Project6.app */ = {isa = PBXFileReference; explicitFileType = wrapper.application; includeInIndex = 0; path = "cs441-Project6.app"; sourceTree = BUILT_PRODUCTS_DIR; };
		7431172F2265147600D6AED1 /* main.m */ = {isa = PBXFileReference; lastKnownFileType = sourcecode.c.objc; path = main.m; sourceTree = "<group>"; };
		743117312265147600D6AED1 /* AppDelegate.h */ = {isa = PBXFileReference; lastKnownFileType = sourcecode.c.h; path = AppDelegate.h; sourceTree = "<group>"; };
		743117322265147600D6AED1 /* AppDelegate.m */ = {isa = PBXFileReference; lastKnownFileType = sourcecode.c.objc; path = AppDelegate.m; sourceTree = "<group>"; };
		743117342265147600D6AED1 /* RootViewController.h */ = {isa = PBXFileReference; lastKnownFileType = sourcecode.c.h; path = RootViewController.h; sourceTree = "<group>"; };
		743117352265147600D6AED1 /* RootViewController.m */ = {isa = PBXFileReference; lastKnownFileType = sourcecode.c.objc; path = RootViewController.m; sourceTree = "<group>"; };
		743117372265147600D6AED1 /* DataViewController.h */ = {isa = PBXFileReference; lastKnownFileType = sourcecode.c.h; path = DataViewController.h; sourceTree = "<group>"; };
		743117382265147600D6AED1 /* DataViewController.m */ = {isa = PBXFileReference; lastKnownFileType = sourcecode.c.objc; path = DataViewController.m; sourceTree = "<group>"; };
		7431173A2265147600D6AED1 /* ModelController.h */ = {isa = PBXFileReference; lastKnownFileType = sourcecode.c.h; path = ModelController.h; sourceTree = "<group>"; };
		7431173B2265147600D6AED1 /* ModelController.m */ = {isa = PBXFileReference; lastKnownFileType = sourcecode.c.objc; path = ModelController.m; sourceTree = "<group>"; };
		7431173E2265147600D6AED1 /* Base */ = {isa = PBXFileReference; lastKnownFileType = file.storyboard; name = Base; path = Base.lproj/Main.storyboard; sourceTree = "<group>"; };
		743117402265147600D6AED1 /* Assets.xcassets */ = {isa = PBXFileReference; lastKnownFileType = folder.assetcatalog; path = Assets.xcassets; sourceTree = "<group>"; };
		743117432265147600D6AED1 /* Base */ = {isa = PBXFileReference; lastKnownFileType = file.storyboard; name = Base; path = Base.lproj/LaunchScreen.storyboard; sourceTree = "<group>"; };
		743117452265147600D6AED1 /* Info.plist */ = {isa = PBXFileReference; lastKnownFileType = text.plist.xml; path = Info.plist; sourceTree = "<group>"; };
		7431174A2265147600D6AED1 /* cs441-Project6Tests.xctest */ = {isa = PBXFileReference; explicitFileType = wrapper.cfbundle; includeInIndex = 0; path = "cs441-Project6Tests.xctest"; sourceTree = BUILT_PRODUCTS_DIR; };
		7431174E2265147600D6AED1 /* cs441_Project6Tests.m */ = {isa = PBXFileReference; lastKnownFileType = sourcecode.c.objc; path = cs441_Project6Tests.m; sourceTree = "<group>"; };
		743117502265147600D6AED1 /* Info.plist */ = {isa = PBXFileReference; lastKnownFileType = text.plist.xml; path = Info.plist; sourceTree = "<group>"; };
		743117552265147600D6AED1 /* cs441-Project6UITests.xctest */ = {isa = PBXFileReference; explicitFileType = wrapper.cfbundle; includeInIndex = 0; path = "cs441-Project6UITests.xctest"; sourceTree = BUILT_PRODUCTS_DIR; };
		743117592265147600D6AED1 /* cs441_Project6UITests.m */ = {isa = PBXFileReference; lastKnownFileType = sourcecode.c.objc; path = cs441_Project6UITests.m; sourceTree = "<group>"; };
		7431175B2265147600D6AED1 /* Info.plist */ = {isa = PBXFileReference; lastKnownFileType = text.plist.xml; path = Info.plist; sourceTree = "<group>"; };
/* End PBXFileReference section */

/* Begin PBXFrameworksBuildPhase section */
		743117282265147400D6AED1 /* Frameworks */ = {
			isa = PBXFrameworksBuildPhase;
			buildActionMask = 2147483647;
			files = (
			);
			runOnlyForDeploymentPostprocessing = 0;
		};
		743117472265147600D6AED1 /* Frameworks */ = {
			isa = PBXFrameworksBuildPhase;
			buildActionMask = 2147483647;
			files = (
			);
			runOnlyForDeploymentPostprocessing = 0;
		};
		743117522265147600D6AED1 /* Frameworks */ = {
			isa = PBXFrameworksBuildPhase;
			buildActionMask = 2147483647;
			files = (
			);
			runOnlyForDeploymentPostprocessing = 0;
		};
/* End PBXFrameworksBuildPhase section */

/* Begin PBXGroup section */
		743117222265147400D6AED1 = {
			isa = PBXGroup;
			children = (
				7431172D2265147600D6AED1 /* cs441-Project6 */,
				7431174D2265147600D6AED1 /* cs441-Project6Tests */,
				743117582265147600D6AED1 /* cs441-Project6UITests */,
				7431172C2265147600D6AED1 /* Products */,
			);
			sourceTree = "<group>";
		};
		7431172C2265147600D6AED1 /* Products */ = {
			isa = PBXGroup;
			children = (
				7431172B2265147600D6AED1 /* cs441-Project6.app */,
				7431174A2265147600D6AED1 /* cs441-Project6Tests.xctest */,
				743117552265147600D6AED1 /* cs441-Project6UITests.xctest */,
			);
			name = Products;
			sourceTree = "<group>";
		};
		7431172D2265147600D6AED1 /* cs441-Project6 */ = {
			isa = PBXGroup;
			children = (
				743117312265147600D6AED1 /* AppDelegate.h */,
				743117322265147600D6AED1 /* AppDelegate.m */,
				743117342265147600D6AED1 /* RootViewController.h */,
				743117352265147600D6AED1 /* RootViewController.m */,
				743117372265147600D6AED1 /* DataViewController.h */,
				743117382265147600D6AED1 /* DataViewController.m */,
				7431173A2265147600D6AED1 /* ModelController.h */,
				7431173B2265147600D6AED1 /* ModelController.m */,
				7431173D2265147600D6AED1 /* Main.storyboard */,
				743117402265147600D6AED1 /* Assets.xcassets */,
				743117422265147600D6AED1 /* LaunchScreen.storyboard */,
				743117452265147600D6AED1 /* Info.plist */,
				7431172E2265147600D6AED1 /* Supporting Files */,
			);
			path = "cs441-Project6";
			sourceTree = "<group>";
		};
		7431172E2265147600D6AED1 /* Supporting Files */ = {
			isa = PBXGroup;
			children = (
				7431172F2265147600D6AED1 /* main.m */,
			);
			name = "Supporting Files";
			sourceTree = "<group>";
		};
		7431174D2265147600D6AED1 /* cs441-Project6Tests */ = {
			isa = PBXGroup;
			children = (
				7431174E2265147600D6AED1 /* cs441_Project6Tests.m */,
				743117502265147600D6AED1 /* Info.plist */,
			);
			path = "cs441-Project6Tests";
			sourceTree = "<group>";
		};
		743117582265147600D6AED1 /* cs441-Project6UITests */ = {
			isa = PBXGroup;
			children = (
				743117592265147600D6AED1 /* cs441_Project6UITests.m */,
				7431175B2265147600D6AED1 /* Info.plist */,
			);
			path = "cs441-Project6UITests";
			sourceTree = "<group>";
		};
/* End PBXGroup section */

/* Begin PBXNativeTarget section */
		7431172A2265147400D6AED1 /* cs441-Project6 */ = {
			isa = PBXNativeTarget;
			buildConfigurationList = 7431175E2265147600D6AED1 /* Build configuration list for PBXNativeTarget "cs441-Project6" */;
			buildPhases = (
				743117272265147400D6AED1 /* Sources */,
				743117282265147400D6AED1 /* Frameworks */,
				743117292265147400D6AED1 /* Resources */,
			);
			buildRules = (
			);
			dependencies = (
			);
			name = "cs441-Project6";
			productName = "cs441-Project6";
			productReference = 7431172B2265147600D6AED1 /* cs441-Project6.app */;
			productType = "com.apple.product-type.application";
		};
		743117492265147600D6AED1 /* cs441-Project6Tests */ = {
			isa = PBXNativeTarget;
			buildConfigurationList = 743117612265147600D6AED1 /* Build configuration list for PBXNativeTarget "cs441-Project6Tests" */;
			buildPhases = (
				743117462265147600D6AED1 /* Sources */,
				743117472265147600D6AED1 /* Frameworks */,
				743117482265147600D6AED1 /* Resources */,
			);
			buildRules = (
			);
			dependencies = (
				7431174C2265147600D6AED1 /* PBXTargetDependency */,
			);
			name = "cs441-Project6Tests";
			productName = "cs441-Project6Tests";
			productReference = 7431174A2265147600D6AED1 /* cs441-Project6Tests.xctest */;
			productType = "com.apple.product-type.bundle.unit-test";
		};
		743117542265147600D6AED1 /* cs441-Project6UITests */ = {
			isa = PBXNativeTarget;
			buildConfigurationList = 743117642265147600D6AED1 /* Build configuration list for PBXNativeTarget "cs441-Project6UITests" */;
			buildPhases = (
				743117512265147600D6AED1 /* Sources */,
				743117522265147600D6AED1 /* Frameworks */,
				743117532265147600D6AED1 /* Resources */,
			);
			buildRules = (
			);
			dependencies = (
				743117572265147600D6AED1 /* PBXTargetDependency */,
			);
			name = "cs441-Project6UITests";
			productName = "cs441-Project6UITests";
			productReference = 743117552265147600D6AED1 /* cs441-Project6UITests.xctest */;
			productType = "com.apple.product-type.bundle.ui-testing";
		};
/* End PBXNativeTarget section */

/* Begin PBXProject section */
		743117232265147400D6AED1 /* Project object */ = {
			isa = PBXProject;
			attributes = {
				LastUpgradeCheck = 0820;
				ORGANIZATIONNAME = "Nathaniel Hilscher";
				TargetAttributes = {
					7431172A2265147400D6AED1 = {
						CreatedOnToolsVersion = 8.2.1;
						ProvisioningStyle = Automatic;
					};
					743117492265147600D6AED1 = {
						CreatedOnToolsVersion = 8.2.1;
						ProvisioningStyle = Automatic;
						TestTargetID = 7431172A2265147400D6AED1;
					};
					743117542265147600D6AED1 = {
						CreatedOnToolsVersion = 8.2.1;
						ProvisioningStyle = Automatic;
						TestTargetID = 7431172A2265147400D6AED1;
					};
				};
			};
			buildConfigurationList = 743117262265147400D6AED1 /* Build configuration list for PBXProject "cs441-Project6" */;
			compatibilityVersion = "Xcode 3.2";
			developmentRegion = English;
			hasScannedForEncodings = 0;
			knownRegions = (
				en,
				Base,
			);
			mainGroup = 743117222265147400D6AED1;
			productRefGroup = 7431172C2265147600D6AED1 /* Products */;
			projectDirPath = "";
			projectRoot = "";
			targets = (
				7431172A2265147400D6AED1 /* cs441-Project6 */,
				743117492265147600D6AED1 /* cs441-Project6Tests */,
				743117542265147600D6AED1 /* cs441-Project6UITests */,
			);
		};
/* End PBXProject section */

/* Begin PBXResourcesBuildPhase section */
		743117292265147400D6AED1 /* Resources */ = {
			isa = PBXResourcesBuildPhase;
			buildActionMask = 2147483647;
			files = (
				743117442265147600D6AED1 /* LaunchScreen.storyboard in Resources */,
				743117412265147600D6AED1 /* Assets.xcassets in Resources */,
				7431173F2265147600D6AED1 /* Main.storyboard in Resources */,
			);
			runOnlyForDeploymentPostprocessing = 0;
		};
		743117482265147600D6AED1 /* Resources */ = {
			isa = PBXResourcesBuildPhase;
			buildActionMask = 2147483647;
			files = (
			);
			runOnlyForDeploymentPostprocessing = 0;
		};
		743117532265147600D6AED1 /* Resources */ = {
			isa = PBXResourcesBuildPhase;
			buildActionMask = 2147483647;
			files = (
			);
			runOnlyForDeploymentPostprocessing = 0;
		};
/* End PBXResourcesBuildPhase section */

/* Begin PBXSourcesBuildPhase section */
		743117272265147400D6AED1 /* Sources */ = {
			isa = PBXSourcesBuildPhase;
			buildActionMask = 2147483647;
			files = (
				743117392265147600D6AED1 /* DataViewController.m in Sources */,
				743117332265147600D6AED1 /* AppDelegate.m in Sources */,
				7431173C2265147600D6AED1 /* ModelController.m in Sources */,
				743117302265147600D6AED1 /* main.m in Sources */,
				743117362265147600D6AED1 /* RootViewController.m in Sources */,
			);
			runOnlyForDeploymentPostprocessing = 0;
		};
		743117462265147600D6AED1 /* Sources */ = {
			isa = PBXSourcesBuildPhase;
			buildActionMask = 2147483647;
			files = (
				7431174F2265147600D6AED1 /* cs441_Project6Tests.m in Sources */,
			);
			runOnlyForDeploymentPostprocessing = 0;
		};
		743117512265147600D6AED1 /* Sources */ = {
			isa = PBXSourcesBuildPhase;
			buildActionMask = 2147483647;
			files = (
				7431175A2265147600D6AED1 /* cs441_Project6UITests.m in Sources */,
			);
			runOnlyForDeploymentPostprocessing = 0;
		};
/* End PBXSourcesBuildPhase section */

/* Begin PBXTargetDependency section */
		7431174C2265147600D6AED1 /* PBXTargetDependency */ = {
			isa = PBXTargetDependency;
			target = 7431172A2265147400D6AED1 /* cs441-Project6 */;
			targetProxy = 7431174B2265147600D6AED1 /* PBXContainerItemProxy */;
		};
		743117572265147600D6AED1 /* PBXTargetDependency */ = {
			isa = PBXTargetDependency;
			target = 7431172A2265147400D6AED1 /* cs441-Project6 */;
			targetProxy = 743117562265147600D6AED1 /* PBXContainerItemProxy */;
		};
/* End PBXTargetDependency section */

/* Begin PBXVariantGroup section */
		7431173D2265147600D6AED1 /* Main.storyboard */ = {
			isa = PBXVariantGroup;
			children = (
				7431173E2265147600D6AED1 /* Base */,
			);
			name = Main.storyboard;
			sourceTree = "<group>";
		};
		743117422265147600D6AED1 /* LaunchScreen.storyboard */ = {
			isa = PBXVariantGroup;
			children = (
				743117432265147600D6AED1 /* Base */,
			);
			name = LaunchScreen.storyboard;
			sourceTree = "<group>";
		};
/* End PBXVariantGroup section */

/* Begin XCBuildConfiguration section */
		7431175C2265147600D6AED1 /* Debug */ = {
			isa = XCBuildConfiguration;
			buildSettings = {
				ALWAYS_SEARCH_USER_PATHS = NO;
				CLANG_ANALYZER_NONNULL = YES;
				CLANG_CXX_LANGUAGE_STANDARD = "gnu++0x";
				CLANG_CXX_LIBRARY = "libc++";
				CLANG_ENABLE_MODULES = YES;
				CLANG_ENABLE_OBJC_ARC = YES;
				CLANG_WARN_BOOL_CONVERSION = YES;
				CLANG_WARN_CONSTANT_CONVERSION = YES;
				CLANG_WARN_DIRECT_OBJC_ISA_USAGE = YES_ERROR;
				CLANG_WARN_DOCUMENTATION_COMMENTS = YES;
				CLANG_WARN_EMPTY_BODY = YES;
				CLANG_WARN_ENUM_CONVERSION = YES;
				CLANG_WARN_INFINITE_RECURSION = YES;
				CLANG_WARN_INT_CONVERSION = YES;
				CLANG_WARN_OBJC_ROOT_CLASS = YES_ERROR;
				CLANG_WARN_SUSPICIOUS_MOVE = YES;
				CLANG_WARN_UNREACHABLE_CODE = YES;
				CLANG_WARN__DUPLICATE_METHOD_MATCH = YES;
				"CODE_SIGN_IDENTITY[sdk=iphoneos*]" = "iPhone Developer";
				COPY_PHASE_STRIP = NO;
				DEBUG_INFORMATION_FORMAT = dwarf;
				ENABLE_STRICT_OBJC_MSGSEND = YES;
				ENABLE_TESTABILITY = YES;
				GCC_C_LANGUAGE_STANDARD = gnu99;
				GCC_DYNAMIC_NO_PIC = NO;
				GCC_NO_COMMON_BLOCKS = YES;
				GCC_OPTIMIZATION_LEVEL = 0;
				GCC_PREPROCESSOR_DEFINITIONS = (
					"DEBUG=1",
					"$(inherited)",
				);
				GCC_WARN_64_TO_32_BIT_CONVERSION = YES;
				GCC_WARN_ABOUT_RETURN_TYPE = YES_ERROR;
				GCC_WARN_UNDECLARED_SELECTOR = YES;
				GCC_WARN_UNINITIALIZED_AUTOS = YES_AGGRESSIVE;
				GCC_WARN_UNUSED_FUNCTION = YES;
				GCC_WARN_UNUSED_VARIABLE = YES;
				IPHONEOS_DEPLOYMENT_TARGET = 10.2;
				MTL_ENABLE_DEBUG_INFO = YES;
				ONLY_ACTIVE_ARCH = YES;
				SDKROOT = iphoneos;
				TARGETED_DEVICE_FAMILY = "1,2";
			};
			name = Debug;
		};
		7431175D2265147600D6AED1 /* Release */ = {
			isa = XCBuildConfiguration;
			buildSettings = {
				ALWAYS_SEARCH_USER_PATHS = NO;
				CLANG_ANALYZER_NONNULL = YES;
				CLANG_CXX_LANGUAGE_STANDARD = "gnu++0x";
				CLANG_CXX_LIBRARY = "libc++";
				CLANG_ENABLE_MODULES = YES;
				CLANG_ENABLE_OBJC_ARC = YES;
				CLANG_WARN_BOOL_CONVERSION = YES;
				CLANG_WARN_CONSTANT_CONVERSION = YES;
				CLANG_WARN_DIRECT_OBJC_ISA_USAGE = YES_ERROR;
				CLANG_WARN_DOCUMENTATION_COMMENTS = YES;
				CLANG_WARN_EMPTY_BODY = YES;
				CLANG_WARN_ENUM_CONVERSION = YES;
				CLANG_WARN_INFINITE_RECURSION = YES;
				CLANG_WARN_INT_CONVERSION = YES;
				CLANG_WARN_OBJC_ROOT_CLASS = YES_ERROR;
				CLANG_WARN_SUSPICIOUS_MOVE = YES;
				CLANG_WARN_UNREACHABLE_CODE = YES;
				CLANG_WARN__DUPLICATE_METHOD_MATCH = YES;
				"CODE_SIGN_IDENTITY[sdk=iphoneos*]" = "iPhone Developer";
				COPY_PHASE_STRIP = NO;
				DEBUG_INFORMATION_FORMAT = "dwarf-with-dsym";
				ENABLE_NS_ASSERTIONS = NO;
				ENABLE_STRICT_OBJC_MSGSEND = YES;
				GCC_C_LANGUAGE_STANDARD = gnu99;
				GCC_NO_COMMON_BLOCKS = YES;
				GCC_WARN_64_TO_32_BIT_CONVERSION = YES;
				GCC_WARN_ABOUT_RETURN_TYPE = YES_ERROR;
				GCC_WARN_UNDECLARED_SELECTOR = YES;
				GCC_WARN_UNINITIALIZED_AUTOS = YES_AGGRESSIVE;
				GCC_WARN_UNUSED_FUNCTION = YES;
				GCC_WARN_UNUSED_VARIABLE = YES;
				IPHONEOS_DEPLOYMENT_TARGET = 10.2;
				MTL_ENABLE_DEBUG_INFO = NO;
				SDKROOT = iphoneos;
				TARGETED_DEVICE_FAMILY = "1,2";
				VALIDATE_PRODUCT = YES;
			};
			name = Release;
		};
		7431175F2265147600D6AED1 /* Debug */ = {
			isa = XCBuildConfiguration;
			buildSettings = {
				ASSETCATALOG_COMPILER_APPICON_NAME = AppIcon;
				INFOPLIST_FILE = "cs441-Project6/Info.plist";
				LD_RUNPATH_SEARCH_PATHS = "$(inherited) @executable_path/Frameworks";
				PRODUCT_BUNDLE_IDENTIFIER = "dnd.cs441-Project6";
				PRODUCT_NAME = "$(TARGET_NAME)";
			};
			name = Debug;
		};
		743117602265147600D6AED1 /* Release */ = {
			isa = XCBuildConfiguration;
			buildSettings = {
				ASSETCATALOG_COMPILER_APPICON_NAME = AppIcon;
				INFOPLIST_FILE = "cs441-Project6/Info.plist";
				LD_RUNPATH_SEARCH_PATHS = "$(inherited) @executable_path/Frameworks";
				PRODUCT_BUNDLE_IDENTIFIER = "dnd.cs441-Project6";
				PRODUCT_NAME = "$(TARGET_NAME)";
			};
			name = Release;
		};
		743117622265147600D6AED1 /* Debug */ = {
			isa = XCBuildConfiguration;
			buildSettings = {
				BUNDLE_LOADER = "$(TEST_HOST)";
				INFOPLIST_FILE = "cs441-Project6Tests/Info.plist";
				LD_RUNPATH_SEARCH_PATHS = "$(inherited) @executable_path/Frameworks @loader_path/Frameworks";
				PRODUCT_BUNDLE_IDENTIFIER = "dnd.cs441-Project6Tests";
				PRODUCT_NAME = "$(TARGET_NAME)";
				TEST_HOST = "$(BUILT_PRODUCTS_DIR)/cs441-Project6.app/cs441-Project6";
			};
			name = Debug;
		};
		743117632265147600D6AED1 /* Release */ = {
			isa = XCBuildConfiguration;
			buildSettings = {
				BUNDLE_LOADER = "$(TEST_HOST)";
				INFOPLIST_FILE = "cs441-Project6Tests/Info.plist";
				LD_RUNPATH_SEARCH_PATHS = "$(inherited) @executable_path/Frameworks @loader_path/Frameworks";
				PRODUCT_BUNDLE_IDENTIFIER = "dnd.cs441-Project6Tests";
				PRODUCT_NAME = "$(TARGET_NAME)";
				TEST_HOST = "$(BUILT_PRODUCTS_DIR)/cs441-Project6.app/cs441-Project6";
			};
			name = Release;
		};
		743117652265147600D6AED1 /* Debug */ = {
			isa = XCBuildConfiguration;
			buildSettings = {
				INFOPLIST_FILE = "cs441-Project6UITests/Info.plist";
				LD_RUNPATH_SEARCH_PATHS = "$(inherited) @executable_path/Frameworks @loader_path/Frameworks";
				PRODUCT_BUNDLE_IDENTIFIER = "dnd.cs441-Project6UITests";
				PRODUCT_NAME = "$(TARGET_NAME)";
				TEST_TARGET_NAME = "cs441-Project6";
			};
			name = Debug;
		};
		743117662265147600D6AED1 /* Release */ = {
			isa = XCBuildConfiguration;
			buildSettings = {
				INFOPLIST_FILE = "cs441-Project6UITests/Info.plist";
				LD_RUNPATH_SEARCH_PATHS = "$(inherited) @executable_path/Frameworks @loader_path/Frameworks";
				PRODUCT_BUNDLE_IDENTIFIER = "dnd.cs441-Project6UITests";
				PRODUCT_NAME = "$(TARGET_NAME)";
				TEST_TARGET_NAME = "cs441-Project6";
			};
			name = Release;
		};
/* End XCBuildConfiguration section */

/* Begin XCConfigurationList section */
		743117262265147400D6AED1 /* Build configuration list for PBXProject "cs441-Project6" */ = {
			isa = XCConfigurationList;
			buildConfigurations = (
				7431175C2265147600D6AED1 /* Debug */,
				7431175D2265147600D6AED1 /* Release */,
			);
			defaultConfigurationIsVisible = 0;
			defaultConfigurationName = Release;
		};
		7431175E2265147600D6AED1 /* Build configuration list for PBXNativeTarget "cs441-Project6" */ = {
			isa = XCConfigurationList;
			buildConfigurations = (
				7431175F2265147600D6AED1 /* Debug */,
				743117602265147600D6AED1 /* Release */,
			);
			defaultConfigurationIsVisible = 0;
		};
		743117612265147600D6AED1 /* Build configuration list for PBXNativeTarget "cs441-Project6Tests" */ = {
			isa = XCConfigurationList;
			buildConfigurations = (
				743117622265147600D6AED1 /* Debug */,
				743117632265147600D6AED1 /* Release */,
			);
			defaultConfigurationIsVisible = 0;
		};
		743117642265147600D6AED1 /* Build configuration list for PBXNativeTarget "cs441-Project6UITests" */ = {
			isa = XCConfigurationList;
			buildConfigurations = (
				743117652265147600D6AED1 /* Debug */,
				743117662265147600D6AED1 /* Release */,
			);
			defaultConfigurationIsVisible = 0;
		};
/* End XCConfigurationList section */
	};
	rootObject = 743117232265147400D6AED1 /* Project object */;
}
